
Microsoft Visual Studio Solution File, Format Version 12.00
# Visual Studio 15
VisualStudioVersion = 15.0.28010.2026
MinimumVisualStudioVersion = 10.0.40219.1
Project("{FAE04EC0-301F-11D3-BF4B-00C04F79EFBC}") = "ConsoleApp2020.3.2", "ConsoleApp2020.3.2\ConsoleApp2020.3.2.csproj", "{B2E550DF-C822-463D-B862-1DEBBA814F0D}"
EndProject
Global
	GlobalSection(SolutionConfigurationPlatforms) = preSolution
		Debug|Any CPU = Debug|Any CPU
		Release|Any CPU = Release|Any CPU
	EndGlobalSection
	GlobalSection(ProjectConfigurationPlatforms) = postSolution
		{B2E550DF-C822-463D-B862-1DEBBA814F0D}.Debug|Any CPU.ActiveCfg = Debug|Any CPU
		{B2E550DF-C822-463D-B862-1DEBBA814F0D}.Debug|Any CPU.Build.0 = Debug|Any CPU
		{B2E550DF-C822-463D-B862-1DEBBA814F0D}.Release|Any CPU.ActiveCfg = Release|Any CPU
		{B2E550DF-C822-463D-B862-1DEBBA814F0D}.Release|Any CPU.Build.0 = Release|Any CPU
	EndGlobalSection
	GlobalSection(SolutionProperties) = preSolution
		HideSolutionNode = FALSE
	EndGlobalSection
	GlobalSection(ExtensibilityGlobals) = postSolution
		SolutionGuid = {4F788514-20E7-4764-9D11-5E6912DB520E}
	EndGlobalSection
EndGlobal
