
Microsoft Visual Studio Solution File, Format Version 12.00
# Visual Studio 15
VisualStudioVersion = 15.0.28010.2026
MinimumVisualStudioVersion = 10.0.40219.1
Project("{FAE04EC0-301F-11D3-BF4B-00C04F79EFBC}") = "ConsoleApp0309_02", "ConsoleApp0309_02\ConsoleApp0309_02.csproj", "{3AE82767-767F-412C-BB8F-3CBA8B34BC5D}"
EndProject
Global
	GlobalSection(SolutionConfigurationPlatforms) = preSolution
		Debug|Any CPU = Debug|Any CPU
		Release|Any CPU = Release|Any CPU
	EndGlobalSection
	GlobalSection(ProjectConfigurationPlatforms) = postSolution
		{3AE82767-767F-412C-BB8F-3CBA8B34BC5D}.Debug|Any CPU.ActiveCfg = Debug|Any CPU
		{3AE82767-767F-412C-BB8F-3CBA8B34BC5D}.Debug|Any CPU.Build.0 = Debug|Any CPU
		{3AE82767-767F-412C-BB8F-3CBA8B34BC5D}.Release|Any CPU.ActiveCfg = Release|Any CPU
		{3AE82767-767F-412C-BB8F-3CBA8B34BC5D}.Release|Any CPU.Build.0 = Release|Any CPU
	EndGlobalSection
	GlobalSection(SolutionProperties) = preSolution
		HideSolutionNode = FALSE
	EndGlobalSection
	GlobalSection(ExtensibilityGlobals) = postSolution
		SolutionGuid = {52E24316-C72B-4645-B778-CC6BA3C0524C}
	EndGlobalSection
EndGlobal
